
Microsoft Visual Studio Solution File, Format Version 12.00
# Visual Studio Version 17
VisualStudioVersion = 17.14.36310.24
MinimumVisualStudioVersion = 10.0.40219.1
Project("{8BC9CEB8-8B4A-11D0-8D11-00A0C91BC942}") = "struct-dec-def", "c\c.vcxproj", "{AA47C845-4C7B-498E-8480-135C24B2AB4D}"
EndProject
Project("{8BC9CEB8-8B4A-11D0-8D11-00A0C91BC942}") = "struct-dec-def1", "struct2\struct2.vcxproj", "{C6BB0139-7372-4763-A3C4-F8599ABFB779}"
EndProject
Project("{8BC9CEB8-8B4A-11D0-8D11-00A0C91BC942}") = "struct-malloc", "struct-malloc\struct-malloc.vcxproj", "{52E3EF51-BA1B-4BDC-8A98-9DE258DFE499}"
EndProject
Project("{8BC9CEB8-8B4A-11D0-8D11-00A0C91BC942}") = "struct-malloc1", "struct-malloc1\struct-malloc1.vcxproj", "{29D80B3C-9457-4EB7-8C14-307A99ED9A80}"
EndProject
Project("{8BC9CEB8-8B4A-11D0-8D11-00A0C91BC942}") = "struct-struct", "struct-struct\struct-struct.vcxproj", "{4383DE45-27AB-45F9-8202-45908DB05BFA}"
EndProject
Project("{8BC9CEB8-8B4A-11D0-8D11-00A0C91BC942}") = "struct-strcut1", "struct-strcut1\struct-strcut1.vcxproj", "{26C3D3A8-9153-4E07-9A8D-46B16961F474}"
EndProject
Project("{8BC9CEB8-8B4A-11D0-8D11-00A0C91BC942}") = "struct-recall-ex", "struct-recall\struct-recall.vcxproj", "{7B51AB7E-49DC-4A5E-BE7D-E0ACA104B65F}"
EndProject
Project("{8BC9CEB8-8B4A-11D0-8D11-00A0C91BC942}") = "file-io", "file-io\file-io.vcxproj", "{DF255006-4147-4FE8-9218-4928375C7207}"
EndProject
Global
	GlobalSection(SolutionConfigurationPlatforms) = preSolution
		Debug|x64 = Debug|x64
		Debug|x86 = Debug|x86
		Release|x64 = Release|x64
		Release|x86 = Release|x86
	EndGlobalSection
	GlobalSection(ProjectConfigurationPlatforms) = postSolution
		{AA47C845-4C7B-498E-8480-135C24B2AB4D}.Debug|x64.ActiveCfg = Debug|x64
		{AA47C845-4C7B-498E-8480-135C24B2AB4D}.Debug|x86.ActiveCfg = Debug|Win32
		{AA47C845-4C7B-498E-8480-135C24B2AB4D}.Debug|x86.Build.0 = Debug|Win32
		{AA47C845-4C7B-498E-8480-135C24B2AB4D}.Release|x64.ActiveCfg = Release|x64
		{AA47C845-4C7B-498E-8480-135C24B2AB4D}.Release|x64.Build.0 = Release|x64
		{AA47C845-4C7B-498E-8480-135C24B2AB4D}.Release|x86.ActiveCfg = Release|Win32
		{AA47C845-4C7B-498E-8480-135C24B2AB4D}.Release|x86.Build.0 = Release|Win32
		{C6BB0139-7372-4763-A3C4-F8599ABFB779}.Debug|x64.ActiveCfg = Debug|x64
		{C6BB0139-7372-4763-A3C4-F8599ABFB779}.Debug|x86.ActiveCfg = Debug|Win32
		{C6BB0139-7372-4763-A3C4-F8599ABFB779}.Debug|x86.Build.0 = Debug|Win32
		{C6BB0139-7372-4763-A3C4-F8599ABFB779}.Release|x64.ActiveCfg = Release|x64
		{C6BB0139-7372-4763-A3C4-F8599ABFB779}.Release|x64.Build.0 = Release|x64
		{C6BB0139-7372-4763-A3C4-F8599ABFB779}.Release|x86.ActiveCfg = Release|Win32
		{C6BB0139-7372-4763-A3C4-F8599ABFB779}.Release|x86.Build.0 = Release|Win32
		{52E3EF51-BA1B-4BDC-8A98-9DE258DFE499}.Debug|x64.ActiveCfg = Debug|x64
		{52E3EF51-BA1B-4BDC-8A98-9DE258DFE499}.Debug|x86.ActiveCfg = Debug|Win32
		{52E3EF51-BA1B-4BDC-8A98-9DE258DFE499}.Debug|x86.Build.0 = Debug|Win32
		{52E3EF51-BA1B-4BDC-8A98-9DE258DFE499}.Release|x64.ActiveCfg = Release|x64
		{52E3EF51-BA1B-4BDC-8A98-9DE258DFE499}.Release|x64.Build.0 = Release|x64
		{52E3EF51-BA1B-4BDC-8A98-9DE258DFE499}.Release|x86.ActiveCfg = Release|Win32
		{52E3EF51-BA1B-4BDC-8A98-9DE258DFE499}.Release|x86.Build.0 = Release|Win32
		{29D80B3C-9457-4EB7-8C14-307A99ED9A80}.Debug|x64.ActiveCfg = Debug|x64
		{29D80B3C-9457-4EB7-8C14-307A99ED9A80}.Debug|x86.ActiveCfg = Debug|Win32
		{29D80B3C-9457-4EB7-8C14-307A99ED9A80}.Debug|x86.Build.0 = Debug|Win32
		{29D80B3C-9457-4EB7-8C14-307A99ED9A80}.Release|x64.ActiveCfg = Release|x64
		{29D80B3C-9457-4EB7-8C14-307A99ED9A80}.Release|x64.Build.0 = Release|x64
		{29D80B3C-9457-4EB7-8C14-307A99ED9A80}.Release|x86.ActiveCfg = Release|Win32
		{29D80B3C-9457-4EB7-8C14-307A99ED9A80}.Release|x86.Build.0 = Release|Win32
		{4383DE45-27AB-45F9-8202-45908DB05BFA}.Debug|x64.ActiveCfg = Debug|x64
		{4383DE45-27AB-45F9-8202-45908DB05BFA}.Debug|x86.ActiveCfg = Debug|Win32
		{4383DE45-27AB-45F9-8202-45908DB05BFA}.Debug|x86.Build.0 = Debug|Win32
		{4383DE45-27AB-45F9-8202-45908DB05BFA}.Release|x64.ActiveCfg = Release|x64
		{4383DE45-27AB-45F9-8202-45908DB05BFA}.Release|x64.Build.0 = Release|x64
		{4383DE45-27AB-45F9-8202-45908DB05BFA}.Release|x86.ActiveCfg = Release|Win32
		{4383DE45-27AB-45F9-8202-45908DB05BFA}.Release|x86.Build.0 = Release|Win32
		{26C3D3A8-9153-4E07-9A8D-46B16961F474}.Debug|x64.ActiveCfg = Debug|x64
		{26C3D3A8-9153-4E07-9A8D-46B16961F474}.Debug|x86.ActiveCfg = Debug|Win32
		{26C3D3A8-9153-4E07-9A8D-46B16961F474}.Debug|x86.Build.0 = Debug|Win32
		{26C3D3A8-9153-4E07-9A8D-46B16961F474}.Release|x64.ActiveCfg = Release|x64
		{26C3D3A8-9153-4E07-9A8D-46B16961F474}.Release|x64.Build.0 = Release|x64
		{26C3D3A8-9153-4E07-9A8D-46B16961F474}.Release|x86.ActiveCfg = Release|Win32
		{26C3D3A8-9153-4E07-9A8D-46B16961F474}.Release|x86.Build.0 = Release|Win32
		{7B51AB7E-49DC-4A5E-BE7D-E0ACA104B65F}.Debug|x64.ActiveCfg = Debug|x64
		{7B51AB7E-49DC-4A5E-BE7D-E0ACA104B65F}.Debug|x86.ActiveCfg = Debug|Win32
		{7B51AB7E-49DC-4A5E-BE7D-E0ACA104B65F}.Debug|x86.Build.0 = Debug|Win32
		{7B51AB7E-49DC-4A5E-BE7D-E0ACA104B65F}.Release|x64.ActiveCfg = Release|x64
		{7B51AB7E-49DC-4A5E-BE7D-E0ACA104B65F}.Release|x64.Build.0 = Release|x64
		{7B51AB7E-49DC-4A5E-BE7D-E0ACA104B65F}.Release|x86.ActiveCfg = Release|Win32
		{7B51AB7E-49DC-4A5E-BE7D-E0ACA104B65F}.Release|x86.Build.0 = Release|Win32
		{DF255006-4147-4FE8-9218-4928375C7207}.Debug|x64.ActiveCfg = Debug|x64
		{DF255006-4147-4FE8-9218-4928375C7207}.Debug|x64.Build.0 = Debug|x64
		{DF255006-4147-4FE8-9218-4928375C7207}.Debug|x86.ActiveCfg = Debug|Win32
		{DF255006-4147-4FE8-9218-4928375C7207}.Debug|x86.Build.0 = Debug|Win32
		{DF255006-4147-4FE8-9218-4928375C7207}.Release|x64.ActiveCfg = Release|x64
		{DF255006-4147-4FE8-9218-4928375C7207}.Release|x64.Build.0 = Release|x64
		{DF255006-4147-4FE8-9218-4928375C7207}.Release|x86.ActiveCfg = Release|Win32
		{DF255006-4147-4FE8-9218-4928375C7207}.Release|x86.Build.0 = Release|Win32
	EndGlobalSection
	GlobalSection(SolutionProperties) = preSolution
		HideSolutionNode = FALSE
	EndGlobalSection
	GlobalSection(ExtensibilityGlobals) = postSolution
		SolutionGuid = {A3549F26-364E-47EC-A433-EA687724FFD5}
	EndGlobalSection
EndGlobal
